
Microsoft Visual Studio Solution File, Format Version 12.00
# Visual Studio Version 16
VisualStudioVersion = 16.0.30804.86
MinimumVisualStudioVersion = 10.0.40219.1
Project("{FAE04EC0-301F-11D3-BF4B-00C04F79EFBC}") = "Bigger_ItemStacks", "Bigger_ItemStacks\Bigger_ItemStacks.csproj", "{4C10D3E9-DF23-45CA-A10E-FFBBB266B819}"
EndProject
Global
	GlobalSection(SolutionConfigurationPlatforms) = preSolution
		Debug|Any CPU = Debug|Any CPU
		Release|Any CPU = Release|Any CPU
	EndGlobalSection
	GlobalSection(ProjectConfigurationPlatforms) = postSolution
		{4C10D3E9-DF23-45CA-A10E-FFBBB266B819}.Debug|Any CPU.ActiveCfg = Debug|Any CPU
		{4C10D3E9-DF23-45CA-A10E-FFBBB266B819}.Debug|Any CPU.Build.0 = Debug|Any CPU
		{4C10D3E9-DF23-45CA-A10E-FFBBB266B819}.Release|Any CPU.ActiveCfg = Release|Any CPU
		{4C10D3E9-DF23-45CA-A10E-FFBBB266B819}.Release|Any CPU.Build.0 = Release|Any CPU
	EndGlobalSection
	GlobalSection(SolutionProperties) = preSolution
		HideSolutionNode = FALSE
	EndGlobalSection
	GlobalSection(ExtensibilityGlobals) = postSolution
		SolutionGuid = {A2038529-19DF-4AD5-82B1-637B1DC37128}
	EndGlobalSection
EndGlobal
